// !$*UTF8*$!
{
	archiveVersion = 1;
	classes = {
	};
	objectVersion = 44;
	objects = {

/* Begin PBXAggregateTarget section */
		53CCA09D0D7C2C2500940CC3 /* Make Release */ = {
			isa = PBXAggregateTarget;
			buildConfigurationList = 53CCA0A00D7C2C4300940CC3 /* Build configuration list for PBXAggregateTarget "Make Release" */;
			buildPhases = (
				53CCA09C0D7C2C2500940CC3 /* ShellScript */,
			);
			dependencies = (
				53CCA0A70D7C2D0600940CC3 /* PBXTargetDependency */,
			);
			name = "Make Release";
			productName = Release;
		};
/* End PBXAggregateTarget section */

/* Begin PBXBuildFile section */
		5337CFA50DA1190D008DE7AE /* MyDocument.xcdatamodeld in Sources */ = {isa = PBXBuildFile; fileRef = 5337CFA40DA1190D008DE7AE /* MyDocument.xcdatamodeld */; };
		53CCA0D70D7C644F00940CC3 /* Release Notes.html in Resources */ = {isa = PBXBuildFile; fileRef = 53CCA0D60D7C644F00940CC3 /* Release Notes.html */; };
		5A01BD3E0D400F5E00883964 /* MainMenu.xib in Resources */ = {isa = PBXBuildFile; fileRef = 5A01BD3A0D400F5E00883964 /* MainMenu.xib */; };
		5A01BD3F0D400F5E00883964 /* MyDocument.xib in Resources */ = {isa = PBXBuildFile; fileRef = 5A01BD3C0D400F5E00883964 /* MyDocument.xib */; };
		5A01BD470D40130D00883964 /* Task.m in Sources */ = {isa = PBXBuildFile; fileRef = 5A01BD460D40130D00883964 /* Task.m */; };
		5A01BDA40D411A2700883964 /* DBSourceSplitView.m in Sources */ = {isa = PBXBuildFile; fileRef = 5A01BDA30D411A2700883964 /* DBSourceSplitView.m */; };
		5A01BDA80D411A6E00883964 /* KFSplitView.m in Sources */ = {isa = PBXBuildFile; fileRef = 5A01BDA70D411A6E00883964 /* KFSplitView.m */; };
		5A01BDB30D411B2500883964 /* DBSourceView.m in Sources */ = {isa = PBXBuildFile; fileRef = 5A01BDB20D411B2500883964 /* DBSourceView.m */; };
		5A01BDBA0D411B3C00883964 /* SourceListImageCell.m in Sources */ = {isa = PBXBuildFile; fileRef = 5A01BDB50D411B3C00883964 /* SourceListImageCell.m */; };
		5A01BDBB0D411B3C00883964 /* SourceListTableView.m in Sources */ = {isa = PBXBuildFile; fileRef = 5A01BDB70D411B3C00883964 /* SourceListTableView.m */; };
		5A01BDBC0D411B3C00883964 /* SourceListTextCell.m in Sources */ = {isa = PBXBuildFile; fileRef = 5A01BDB90D411B3C00883964 /* SourceListTextCell.m */; };
		5A01BDC60D411B5D00883964 /* Add.tiff in Resources */ = {isa = PBXBuildFile; fileRef = 5A01BDBD0D411B5D00883964 /* Add.tiff */; };
		5A01BDC70D411B5D00883964 /* Add_Disabled.tiff in Resources */ = {isa = PBXBuildFile; fileRef = 5A01BDBE0D411B5D00883964 /* Add_Disabled.tiff */; };
		5A01BDC80D411B5D00883964 /* Add_Pressed.tiff in Resources */ = {isa = PBXBuildFile; fileRef = 5A01BDBF0D411B5D00883964 /* Add_Pressed.tiff */; };
		5A01BDC90D411B5D00883964 /* DBListSplitViewBar.tiff in Resources */ = {isa = PBXBuildFile; fileRef = 5A01BDC00D411B5D00883964 /* DBListSplitViewBar.tiff */; };
		5A01BDCA0D411B5D00883964 /* DBListSplitViewDimple.tiff in Resources */ = {isa = PBXBuildFile; fileRef = 5A01BDC10D411B5D00883964 /* DBListSplitViewDimple.tiff */; };
		5A01BDCB0D411B5D00883964 /* Delete.tiff in Resources */ = {isa = PBXBuildFile; fileRef = 5A01BDC20D411B5D00883964 /* Delete.tiff */; };
		5A01BDCC0D411B5D00883964 /* Delete_Disabled.tiff in Resources */ = {isa = PBXBuildFile; fileRef = 5A01BDC30D411B5D00883964 /* Delete_Disabled.tiff */; };
		5A01BDCD0D411B5D00883964 /* Delete_Pressed.tiff in Resources */ = {isa = PBXBuildFile; fileRef = 5A01BDC40D411B5D00883964 /* Delete_Pressed.tiff */; };
		5A01BDCE0D411B5D00883964 /* Folder.tiff in Resources */ = {isa = PBXBuildFile; fileRef = 5A01BDC50D411B5D00883964 /* Folder.tiff */; };
		5A01BDD50D411BC800883964 /* CTGradient.m in Sources */ = {isa = PBXBuildFile; fileRef = 5A01BDAC0D411AFC00883964 /* CTGradient.m */; };
		5A01BDD60D411BCA00883964 /* DBBottomButton.m in Sources */ = {isa = PBXBuildFile; fileRef = 5A01BDAE0D411AFC00883964 /* DBBottomButton.m */; };
		5A01BDD70D411BCB00883964 /* DBListSplitView.m in Sources */ = {isa = PBXBuildFile; fileRef = 5A01BDB00D411AFC00883964 /* DBListSplitView.m */; };
		5A01BDFB0D412CB800883964 /* BottomBar.tiff in Resources */ = {isa = PBXBuildFile; fileRef = 5A01BDF90D412CB800883964 /* BottomBar.tiff */; };
		5A01BDFC0D412CB800883964 /* DBSourceSplitViewThumb.tiff in Resources */ = {isa = PBXBuildFile; fileRef = 5A01BDFA0D412CB800883964 /* DBSourceSplitViewThumb.tiff */; };
		5A16ECBD0D7AABB80091735E /* Sparkle.framework in Frameworks */ = {isa = PBXBuildFile; fileRef = 5A16ECBC0D7AABB80091735E /* Sparkle.framework */; };
		5A16ECF10D7AB21E0091735E /* Sparkle.framework in CopyFiles */ = {isa = PBXBuildFile; fileRef = 5A16ECBC0D7AABB80091735E /* Sparkle.framework */; };
		5A29FF980D6EECF200CC796B /* hourglass.icns in Resources */ = {isa = PBXBuildFile; fileRef = 5A29FF970D6EECF200CC796B /* hourglass.icns */; };
		5A2BCE9B0D58AA53003F8EC7 /* Customer.tiff in Resources */ = {isa = PBXBuildFile; fileRef = 5A2BCE990D58AA53003F8EC7 /* Customer.tiff */; };
		5A2BCE9C0D58AA53003F8EC7 /* Task.tiff in Resources */ = {isa = PBXBuildFile; fileRef = 5A2BCE9A0D58AA53003F8EC7 /* Task.tiff */; };
		5A4F504C0D4397EA00143833 /* Group.m in Sources */ = {isa = PBXBuildFile; fileRef = 5A4F504B0D4397EA00143833 /* Group.m */; };
		5A4F505D0D439D7400143833 /* ImageToDataTransformer.m in Sources */ = {isa = PBXBuildFile; fileRef = 5A4F505C0D439D7400143833 /* ImageToDataTransformer.m */; };
		5AA467320D52102C00880223 /* AppController.m in Sources */ = {isa = PBXBuildFile; fileRef = 5AA467310D52102C00880223 /* AppController.m */; };
		775DFF38067A968500C5B868 /* Cocoa.framework in Frameworks */ = {isa = PBXBuildFile; fileRef = 1058C7A7FEA54F5311CA2CBB /* Cocoa.framework */; };
		8D15AC2C0486D014006FF6A4 /* Credits.rtf in Resources */ = {isa = PBXBuildFile; fileRef = 2A37F4B9FDCFA73011CA2CEA /* Credits.rtf */; };
		8D15AC2F0486D014006FF6A4 /* InfoPlist.strings in Resources */ = {isa = PBXBuildFile; fileRef = 089C165FFE840EACC02AAC07 /* InfoPlist.strings */; };
		8D15AC310486D014006FF6A4 /* MyDocument.m in Sources */ = {isa = PBXBuildFile; fileRef = 2A37F4ACFDCFA73011CA2CEA /* MyDocument.m */; settings = {ATTRIBUTES = (); }; };
		8D15AC320486D014006FF6A4 /* main.m in Sources */ = {isa = PBXBuildFile; fileRef = 2A37F4B0FDCFA73011CA2CEA /* main.m */; settings = {ATTRIBUTES = (); }; };
/* End PBXBuildFile section */

/* Begin PBXContainerItemProxy section */
		53CCA0A60D7C2D0600940CC3 /* PBXContainerItemProxy */ = {
			isa = PBXContainerItemProxy;
			containerPortal = 2A37F4A9FDCFA73011CA2CEA /* Project object */;
			proxyType = 1;
			remoteGlobalIDString = 8D15AC270486D014006FF6A4;
			remoteInfo = Hourglass;
		};
/* End PBXContainerItemProxy section */

/* Begin PBXCopyFilesBuildPhase section */
		5A16ECEF0D7AB1D50091735E /* CopyFiles */ = {
			isa = PBXCopyFilesBuildPhase;
			buildActionMask = 2147483647;
			dstPath = "";
			dstSubfolderSpec = 10;
			files = (
				5A16ECF10D7AB21E0091735E /* Sparkle.framework in CopyFiles */,
			);
			runOnlyForDeploymentPostprocessing = 0;
		};
/* End PBXCopyFilesBuildPhase section */

/* Begin PBXFileReference section */
		089C1660FE840EACC02AAC07 /* English */ = {isa = PBXFileReference; fileEncoding = 10; lastKnownFileType = text.plist.strings; name = English; path = English.lproj/InfoPlist.strings; sourceTree = "<group>"; };
		1058C7A7FEA54F5311CA2CBB /* Cocoa.framework */ = {isa = PBXFileReference; lastKnownFileType = wrapper.framework; name = Cocoa.framework; path = /System/Library/Frameworks/Cocoa.framework; sourceTree = "<absolute>"; };
		2A37F4ACFDCFA73011CA2CEA /* MyDocument.m */ = {isa = PBXFileReference; fileEncoding = 4; lastKnownFileType = sourcecode.c.objc; path = MyDocument.m; sourceTree = "<group>"; };
		2A37F4AEFDCFA73011CA2CEA /* MyDocument.h */ = {isa = PBXFileReference; fileEncoding = 4; lastKnownFileType = sourcecode.c.h; path = MyDocument.h; sourceTree = "<group>"; };
		2A37F4B0FDCFA73011CA2CEA /* main.m */ = {isa = PBXFileReference; fileEncoding = 4; lastKnownFileType = sourcecode.c.objc; path = main.m; sourceTree = "<group>"; };
		2A37F4BAFDCFA73011CA2CEA /* English */ = {isa = PBXFileReference; lastKnownFileType = text.rtf; name = English; path = English.lproj/Credits.rtf; sourceTree = "<group>"; };
		2A37F4C4FDCFA73011CA2CEA /* AppKit.framework */ = {isa = PBXFileReference; lastKnownFileType = wrapper.framework; name = AppKit.framework; path = /System/Library/Frameworks/AppKit.framework; sourceTree = "<absolute>"; };
		2A37F4C5FDCFA73011CA2CEA /* Foundation.framework */ = {isa = PBXFileReference; lastKnownFileType = wrapper.framework; name = Foundation.framework; path = /System/Library/Frameworks/Foundation.framework; sourceTree = "<absolute>"; };
		32DBCF750370BD2300C91783 /* Hourglass_Prefix.pch */ = {isa = PBXFileReference; fileEncoding = 4; lastKnownFileType = sourcecode.c.h; path = Hourglass_Prefix.pch; sourceTree = "<group>"; };
		5337CFA60DA1190D008DE7AE /* MyDocument 2.xcdatamodel */ = {isa = PBXFileReference; lastKnownFileType = wrapper.xcdatamodel; path = "MyDocument 2.xcdatamodel"; sourceTree = "<group>"; };
		53CCA0D60D7C644F00940CC3 /* Release Notes.html */ = {isa = PBXFileReference; fileEncoding = 4; lastKnownFileType = text.html; path = "Release Notes.html"; sourceTree = "<group>"; };
		5A01BD3B0D400F5E00883964 /* English */ = {isa = PBXFileReference; lastKnownFileType = file.xib; name = English; path = English.lproj/MainMenu.xib; sourceTree = "<group>"; };
		5A01BD3D0D400F5E00883964 /* English */ = {isa = PBXFileReference; lastKnownFileType = file.xib; name = English; path = English.lproj/MyDocument.xib; sourceTree = "<group>"; };
		5A01BD450D40130D00883964 /* Task.h */ = {isa = PBXFileReference; fileEncoding = 4; lastKnownFileType = sourcecode.c.h; path = Task.h; sourceTree = "<group>"; };
		5A01BD460D40130D00883964 /* Task.m */ = {isa = PBXFileReference; fileEncoding = 4; lastKnownFileType = sourcecode.c.objc; path = Task.m; sourceTree = "<group>"; };
		5A01BDA20D411A2700883964 /* DBSourceSplitView.h */ = {isa = PBXFileReference; fileEncoding = 4; lastKnownFileType = sourcecode.c.h; path = DBSourceSplitView.h; sourceTree = "<group>"; };
		5A01BDA30D411A2700883964 /* DBSourceSplitView.m */ = {isa = PBXFileReference; fileEncoding = 4; lastKnownFileType = sourcecode.c.objc; path = DBSourceSplitView.m; sourceTree = "<group>"; };
		5A01BDA60D411A6E00883964 /* KFSplitView.h */ = {isa = PBXFileReference; fileEncoding = 4; lastKnownFileType = sourcecode.c.h; path = KFSplitView.h; sourceTree = "<group>"; };
		5A01BDA70D411A6E00883964 /* KFSplitView.m */ = {isa = PBXFileReference; fileEncoding = 4; lastKnownFileType = sourcecode.c.objc; path = KFSplitView.m; sourceTree = "<group>"; };
		5A01BDAB0D411AFC00883964 /* CTGradient.h */ = {isa = PBXFileReference; lastKnownFileType = sourcecode.c.h; path = CTGradient.h; sourceTree = "<group>"; };
		5A01BDAC0D411AFC00883964 /* CTGradient.m */ = {isa = PBXFileReference; lastKnownFileType = sourcecode.c.objc; path = CTGradient.m; sourceTree = "<group>"; };
		5A01BDAD0D411AFC00883964 /* DBBottomButton.h */ = {isa = PBXFileReference; lastKnownFileType = sourcecode.c.h; path = DBBottomButton.h; sourceTree = "<group>"; };
		5A01BDAE0D411AFC00883964 /* DBBottomButton.m */ = {isa = PBXFileReference; lastKnownFileType = sourcecode.c.objc; path = DBBottomButton.m; sourceTree = "<group>"; };
		5A01BDAF0D411AFC00883964 /* DBListSplitView.h */ = {isa = PBXFileReference; lastKnownFileType = sourcecode.c.h; path = DBListSplitView.h; sourceTree = "<group>"; };
		5A01BDB00D411AFC00883964 /* DBListSplitView.m */ = {isa = PBXFileReference; lastKnownFileType = sourcecode.c.objc; path = DBListSplitView.m; sourceTree = "<group>"; };
		5A01BDB10D411B2500883964 /* DBSourceView.h */ = {isa = PBXFileReference; fileEncoding = 4; lastKnownFileType = sourcecode.c.h; path = DBSourceView.h; sourceTree = "<group>"; };
		5A01BDB20D411B2500883964 /* DBSourceView.m */ = {isa = PBXFileReference; fileEncoding = 4; lastKnownFileType = sourcecode.c.objc; path = DBSourceView.m; sourceTree = "<group>"; };
		5A01BDB40D411B3C00883964 /* SourceListImageCell.h */ = {isa = PBXFileReference; fileEncoding = 4; lastKnownFileType = sourcecode.c.h; path = SourceListImageCell.h; sourceTree = "<group>"; };
		5A01BDB50D411B3C00883964 /* SourceListImageCell.m */ = {isa = PBXFileReference; fileEncoding = 4; lastKnownFileType = sourcecode.c.objc; path = SourceListImageCell.m; sourceTree = "<group>"; };
		5A01BDB60D411B3C00883964 /* SourceListTableView.h */ = {isa = PBXFileReference; fileEncoding = 4; lastKnownFileType = sourcecode.c.h; path = SourceListTableView.h; sourceTree = "<group>"; };
		5A01BDB70D411B3C00883964 /* SourceListTableView.m */ = {isa = PBXFileReference; fileEncoding = 4; lastKnownFileType = sourcecode.c.objc; path = SourceListTableView.m; sourceTree = "<group>"; };
		5A01BDB80D411B3C00883964 /* SourceListTextCell.h */ = {isa = PBXFileReference; fileEncoding = 4; lastKnownFileType = sourcecode.c.h; path = SourceListTextCell.h; sourceTree = "<group>"; };
		5A01BDB90D411B3C00883964 /* SourceListTextCell.m */ = {isa = PBXFileReference; fileEncoding = 4; lastKnownFileType = sourcecode.c.objc; path = SourceListTextCell.m; sourceTree = "<group>"; };
		5A01BDBD0D411B5D00883964 /* Add.tiff */ = {isa = PBXFileReference; lastKnownFileType = image.tiff; path = Add.tiff; sourceTree = "<group>"; };
		5A01BDBE0D411B5D00883964 /* Add_Disabled.tiff */ = {isa = PBXFileReference; lastKnownFileType = image.tiff; path = Add_Disabled.tiff; sourceTree = "<group>"; };
		5A01BDBF0D411B5D00883964 /* Add_Pressed.tiff */ = {isa = PBXFileReference; lastKnownFileType = image.tiff; path = Add_Pressed.tiff; sourceTree = "<group>"; };
		5A01BDC00D411B5D00883964 /* DBListSplitViewBar.tiff */ = {isa = PBXFileReference; lastKnownFileType = image.tiff; path = DBListSplitViewBar.tiff; sourceTree = "<group>"; };
		5A01BDC10D411B5D00883964 /* DBListSplitViewDimple.tiff */ = {isa = PBXFileReference; lastKnownFileType = image.tiff; path = DBListSplitViewDimple.tiff; sourceTree = "<group>"; };
		5A01BDC20D411B5D00883964 /* Delete.tiff */ = {isa = PBXFileReference; lastKnownFileType = image.tiff; path = Delete.tiff; sourceTree = "<group>"; };
		5A01BDC30D411B5D00883964 /* Delete_Disabled.tiff */ = {isa = PBXFileReference; lastKnownFileType = image.tiff; path = Delete_Disabled.tiff; sourceTree = "<group>"; };
		5A01BDC40D411B5D00883964 /* Delete_Pressed.tiff */ = {isa = PBXFileReference; lastKnownFileType = image.tiff; path = Delete_Pressed.tiff; sourceTree = "<group>"; };
		5A01BDC50D411B5D00883964 /* Folder.tiff */ = {isa = PBXFileReference; lastKnownFileType = image.tiff; path = Folder.tiff; sourceTree = "<group>"; };
		5A01BDF90D412CB800883964 /* BottomBar.tiff */ = {isa = PBXFileReference; lastKnownFileType = image.tiff; path = BottomBar.tiff; sourceTree = "<group>"; };
		5A01BDFA0D412CB800883964 /* DBSourceSplitViewThumb.tiff */ = {isa = PBXFileReference; lastKnownFileType = image.tiff; path = DBSourceSplitViewThumb.tiff; sourceTree = "<group>"; };
		5A16ECBC0D7AABB80091735E /* Sparkle.framework */ = {isa = PBXFileReference; lastKnownFileType = wrapper.framework; path = Sparkle.framework; sourceTree = "<group>"; };
		5A29FF970D6EECF200CC796B /* hourglass.icns */ = {isa = PBXFileReference; lastKnownFileType = image.icns; path = hourglass.icns; sourceTree = "<group>"; };
		5A2BCE990D58AA53003F8EC7 /* Customer.tiff */ = {isa = PBXFileReference; lastKnownFileType = image.tiff; path = Customer.tiff; sourceTree = "<group>"; };
		5A2BCE9A0D58AA53003F8EC7 /* Task.tiff */ = {isa = PBXFileReference; lastKnownFileType = image.tiff; path = Task.tiff; sourceTree = "<group>"; };
		5A4F504A0D4397EA00143833 /* Group.h */ = {isa = PBXFileReference; fileEncoding = 4; lastKnownFileType = sourcecode.c.h; path = Group.h; sourceTree = "<group>"; };
		5A4F504B0D4397EA00143833 /* Group.m */ = {isa = PBXFileReference; fileEncoding = 4; lastKnownFileType = sourcecode.c.objc; path = Group.m; sourceTree = "<group>"; };
		5A4F505B0D439D7400143833 /* ImageToDataTransformer.h */ = {isa = PBXFileReference; fileEncoding = 4; lastKnownFileType = sourcecode.c.h; path = ImageToDataTransformer.h; sourceTree = "<group>"; };
		5A4F505C0D439D7400143833 /* ImageToDataTransformer.m */ = {isa = PBXFileReference; fileEncoding = 4; lastKnownFileType = sourcecode.c.objc; path = ImageToDataTransformer.m; sourceTree = "<group>"; };
		5AA467300D52102C00880223 /* AppController.h */ = {isa = PBXFileReference; fileEncoding = 4; lastKnownFileType = sourcecode.c.h; path = AppController.h; sourceTree = "<group>"; };
		5AA467310D52102C00880223 /* AppController.m */ = {isa = PBXFileReference; fileEncoding = 4; lastKnownFileType = sourcecode.c.objc; path = AppController.m; sourceTree = "<group>"; };
		775BDEF0067A8BF0009058FE /* MyDocument.xcdatamodel */ = {isa = PBXFileReference; fileEncoding = 4; lastKnownFileType = wrapper.xcdatamodel; path = MyDocument.xcdatamodel; sourceTree = "<group>"; };
		7788DA0506752A1600599AAD /* CoreData.framework */ = {isa = PBXFileReference; lastKnownFileType = wrapper.framework; name = CoreData.framework; path = /System/Library/Frameworks/CoreData.framework; sourceTree = "<absolute>"; };
		8D15AC360486D014006FF6A4 /* Info.plist */ = {isa = PBXFileReference; fileEncoding = 4; lastKnownFileType = text.plist; path = Info.plist; sourceTree = "<group>"; };
		8D15AC370486D014006FF6A4 /* Hourglass.app */ = {isa = PBXFileReference; explicitFileType = wrapper.application; includeInIndex = 0; path = Hourglass.app; sourceTree = BUILT_PRODUCTS_DIR; };
/* End PBXFileReference section */

/* Begin PBXFrameworksBuildPhase section */
		8D15AC330486D014006FF6A4 /* Frameworks */ = {
			isa = PBXFrameworksBuildPhase;
			buildActionMask = 2147483647;
			files = (
				775DFF38067A968500C5B868 /* Cocoa.framework in Frameworks */,
				5A16ECBD0D7AABB80091735E /* Sparkle.framework in Frameworks */,
			);
			runOnlyForDeploymentPostprocessing = 0;
		};
/* End PBXFrameworksBuildPhase section */

/* Begin PBXGroup section */
		1058C7A6FEA54F5311CA2CBB /* Linked Frameworks */ = {
			isa = PBXGroup;
			children = (
				5A16ECBC0D7AABB80091735E /* Sparkle.framework */,
				1058C7A7FEA54F5311CA2CBB /* Cocoa.framework */,
			);
			name = "Linked Frameworks";
			sourceTree = "<group>";
		};
		1058C7A8FEA54F5311CA2CBB /* Other Frameworks */ = {
			isa = PBXGroup;
			children = (
				2A37F4C5FDCFA73011CA2CEA /* Foundation.framework */,
				7788DA0506752A1600599AAD /* CoreData.framework */,
				2A37F4C4FDCFA73011CA2CEA /* AppKit.framework */,
			);
			name = "Other Frameworks";
			sourceTree = "<group>";
		};
		19C28FB0FE9D524F11CA2CBB /* Products */ = {
			isa = PBXGroup;
			children = (
				8D15AC370486D014006FF6A4 /* Hourglass.app */,
			);
			name = Products;
			sourceTree = "<group>";
		};
		2A37F4AAFDCFA73011CA2CEA /* PdbX */ = {
			isa = PBXGroup;
			children = (
				E1B74B1A0667B4A90069E3BA /* Models */,
				2A37F4ABFDCFA73011CA2CEA /* Classes */,
				2A37F4AFFDCFA73011CA2CEA /* Other Sources */,
				5A01BE0A0D41F60F00883964 /* SplitView */,
				2A37F4B8FDCFA73011CA2CEA /* Resources */,
				2A37F4C3FDCFA73011CA2CEA /* Frameworks */,
				19C28FB0FE9D524F11CA2CBB /* Products */,
			);
			name = PdbX;
			sourceTree = "<group>";
		};
		2A37F4ABFDCFA73011CA2CEA /* Classes */ = {
			isa = PBXGroup;
			children = (
				5A4F505B0D439D7400143833 /* ImageToDataTransformer.h */,
				5A4F505C0D439D7400143833 /* ImageToDataTransformer.m */,
				2A37F4AEFDCFA73011CA2CEA /* MyDocument.h */,
				2A37F4ACFDCFA73011CA2CEA /* MyDocument.m */,
				5A01BD450D40130D00883964 /* Task.h */,
				5A01BD460D40130D00883964 /* Task.m */,
				5A4F504A0D4397EA00143833 /* Group.h */,
				5A4F504B0D4397EA00143833 /* Group.m */,
				5AA467300D52102C00880223 /* AppController.h */,
				5AA467310D52102C00880223 /* AppController.m */,
			);
			name = Classes;
			sourceTree = "<group>";
		};
		2A37F4AFFDCFA73011CA2CEA /* Other Sources */ = {
			isa = PBXGroup;
			children = (
				32DBCF750370BD2300C91783 /* Hourglass_Prefix.pch */,
				2A37F4B0FDCFA73011CA2CEA /* main.m */,
			);
			name = "Other Sources";
			sourceTree = "<group>";
		};
		2A37F4B8FDCFA73011CA2CEA /* Resources */ = {
			isa = PBXGroup;
			children = (
				53CCA0D60D7C644F00940CC3 /* Release Notes.html */,
				5A29FF970D6EECF200CC796B /* hourglass.icns */,
				5A2BCE990D58AA53003F8EC7 /* Customer.tiff */,
				5A2BCE9A0D58AA53003F8EC7 /* Task.tiff */,
				5A01BDF90D412CB800883964 /* BottomBar.tiff */,
				5A01BDFA0D412CB800883964 /* DBSourceSplitViewThumb.tiff */,
				5A01BDBD0D411B5D00883964 /* Add.tiff */,
				5A01BDBE0D411B5D00883964 /* Add_Disabled.tiff */,
				5A01BDBF0D411B5D00883964 /* Add_Pressed.tiff */,
				5A01BDC00D411B5D00883964 /* DBListSplitViewBar.tiff */,
				5A01BDC10D411B5D00883964 /* DBListSplitViewDimple.tiff */,
				5A01BDC20D411B5D00883964 /* Delete.tiff */,
				5A01BDC30D411B5D00883964 /* Delete_Disabled.tiff */,
				5A01BDC40D411B5D00883964 /* Delete_Pressed.tiff */,
				5A01BDC50D411B5D00883964 /* Folder.tiff */,
				5A01BD3A0D400F5E00883964 /* MainMenu.xib */,
				5A01BD3C0D400F5E00883964 /* MyDocument.xib */,
				2A37F4B9FDCFA73011CA2CEA /* Credits.rtf */,
				8D15AC360486D014006FF6A4 /* Info.plist */,
				089C165FFE840EACC02AAC07 /* InfoPlist.strings */,
			);
			name = Resources;
			sourceTree = "<group>";
		};
		2A37F4C3FDCFA73011CA2CEA /* Frameworks */ = {
			isa = PBXGroup;
			children = (
				1058C7A6FEA54F5311CA2CBB /* Linked Frameworks */,
				1058C7A8FEA54F5311CA2CBB /* Other Frameworks */,
			);
			name = Frameworks;
			sourceTree = "<group>";
		};
		5A01BE0A0D41F60F00883964 /* SplitView */ = {
			isa = PBXGroup;
			children = (
				5A01BDAB0D411AFC00883964 /* CTGradient.h */,
				5A01BDAC0D411AFC00883964 /* CTGradient.m */,
				5A01BDAD0D411AFC00883964 /* DBBottomButton.h */,
				5A01BDAE0D411AFC00883964 /* DBBottomButton.m */,
				5A01BDAF0D411AFC00883964 /* DBListSplitView.h */,
				5A01BDB00D411AFC00883964 /* DBListSplitView.m */,
				5A01BDA20D411A2700883964 /* DBSourceSplitView.h */,
				5A01BDA30D411A2700883964 /* DBSourceSplitView.m */,
				5A01BDB10D411B2500883964 /* DBSourceView.h */,
				5A01BDB20D411B2500883964 /* DBSourceView.m */,
				5A01BDA60D411A6E00883964 /* KFSplitView.h */,
				5A01BDA70D411A6E00883964 /* KFSplitView.m */,
				5A01BDB40D411B3C00883964 /* SourceListImageCell.h */,
				5A01BDB50D411B3C00883964 /* SourceListImageCell.m */,
				5A01BDB60D411B3C00883964 /* SourceListTableView.h */,
				5A01BDB70D411B3C00883964 /* SourceListTableView.m */,
				5A01BDB80D411B3C00883964 /* SourceListTextCell.h */,
				5A01BDB90D411B3C00883964 /* SourceListTextCell.m */,
			);
			name = SplitView;
			sourceTree = "<group>";
		};
		E1B74B1A0667B4A90069E3BA /* Models */ = {
			isa = PBXGroup;
			children = (
				5337CFA40DA1190D008DE7AE /* MyDocument.xcdatamodeld */,
			);
			name = Models;
			sourceTree = "<group>";
		};
/* End PBXGroup section */

/* Begin PBXNativeTarget section */
		8D15AC270486D014006FF6A4 /* Hourglass */ = {
			isa = PBXNativeTarget;
			buildConfigurationList = 26FC0AA50875C8B900E6366F /* Build configuration list for PBXNativeTarget "Hourglass" */;
			buildPhases = (
				8D15AC2B0486D014006FF6A4 /* Resources */,
				8D15AC300486D014006FF6A4 /* Sources */,
				8D15AC330486D014006FF6A4 /* Frameworks */,
				536C98190D69CA9C002B51C9 /* ShellScript */,
				5A16ECEF0D7AB1D50091735E /* CopyFiles */,
			);
			buildRules = (
			);
			dependencies = (
			);
			name = Hourglass;
			productInstallPath = "$(HOME)/Applications";
			productName = PdbX;
			productReference = 8D15AC370486D014006FF6A4 /* Hourglass.app */;
			productType = "com.apple.product-type.application";
		};
/* End PBXNativeTarget section */

/* Begin PBXProject section */
		2A37F4A9FDCFA73011CA2CEA /* Project object */ = {
			isa = PBXProject;
			buildConfigurationList = 26FC0AA90875C8B900E6366F /* Build configuration list for PBXProject "Hourglass" */;
			compatibilityVersion = "Xcode 3.0";
			developmentRegion = English;
			hasScannedForEncodings = 1;
			knownRegions = (
				en,
			);
			mainGroup = 2A37F4AAFDCFA73011CA2CEA /* PdbX */;
			projectDirPath = "";
			projectRoot = "";
			targets = (
				8D15AC270486D014006FF6A4 /* Hourglass */,
				53CCA09D0D7C2C2500940CC3 /* Make Release */,
			);
		};
/* End PBXProject section */

/* Begin PBXResourcesBuildPhase section */
		8D15AC2B0486D014006FF6A4 /* Resources */ = {
			isa = PBXResourcesBuildPhase;
			buildActionMask = 2147483647;
			files = (
				8D15AC2C0486D014006FF6A4 /* Credits.rtf in Resources */,
				8D15AC2F0486D014006FF6A4 /* InfoPlist.strings in Resources */,
				5A01BD3E0D400F5E00883964 /* MainMenu.xib in Resources */,
				5A01BD3F0D400F5E00883964 /* MyDocument.xib in Resources */,
				5A01BDC60D411B5D00883964 /* Add.tiff in Resources */,
				5A01BDC70D411B5D00883964 /* Add_Disabled.tiff in Resources */,
				5A01BDC80D411B5D00883964 /* Add_Pressed.tiff in Resources */,
				5A01BDC90D411B5D00883964 /* DBListSplitViewBar.tiff in Resources */,
				5A01BDCA0D411B5D00883964 /* DBListSplitViewDimple.tiff in Resources */,
				5A01BDCB0D411B5D00883964 /* Delete.tiff in Resources */,
				5A01BDCC0D411B5D00883964 /* Delete_Disabled.tiff in Resources */,
				5A01BDCD0D411B5D00883964 /* Delete_Pressed.tiff in Resources */,
				5A01BDCE0D411B5D00883964 /* Folder.tiff in Resources */,
				5A01BDFB0D412CB800883964 /* BottomBar.tiff in Resources */,
				5A01BDFC0D412CB800883964 /* DBSourceSplitViewThumb.tiff in Resources */,
				5A2BCE9B0D58AA53003F8EC7 /* Customer.tiff in Resources */,
				5A2BCE9C0D58AA53003F8EC7 /* Task.tiff in Resources */,
				5A29FF980D6EECF200CC796B /* hourglass.icns in Resources */,
				53CCA0D70D7C644F00940CC3 /* Release Notes.html in Resources */,
			);
			runOnlyForDeploymentPostprocessing = 0;
		};
/* End PBXResourcesBuildPhase section */

/* Begin PBXShellScriptBuildPhase section */
		536C98190D69CA9C002B51C9 /* ShellScript */ = {
			isa = PBXShellScriptBuildPhase;
			buildActionMask = 2147483647;
			files = (
			);
			inputPaths = (
			);
			outputPaths = (
			);
			runOnlyForDeploymentPostprocessing = 0;
			shellPath = /bin/sh;
			shellScript = "git status\nversion=$(git describe --tags --dirty)\necho version: $version\ninfo_plist=$BUILT_PRODUCTS_DIR/$PRODUCT_NAME.app/Contents/Info.plist\necho info_plist: $info_plist\n/usr/libexec/PlistBuddy -c \"Set :CFBundleVersion $version\" $info_plist\n";
		};
		53CCA09C0D7C2C2500940CC3 /* ShellScript */ = {
			isa = PBXShellScriptBuildPhase;
			buildActionMask = 2147483647;
			files = (
			);
			inputPaths = (
			);
			outputPaths = (
			);
			runOnlyForDeploymentPostprocessing = 0;
			shellPath = /usr/bin/python;
			shellScript = "import os\nfrom Foundation import *\nfrom tempfile import NamedTemporaryFile\n\nbuilddir = os.environ['BUILT_PRODUCTS_DIR']\nproject_name = os.environ['PROJECT_NAME']\nproject_dir = os.environ['PROJECT_DIR']\nappname = os.environ['PROJECT_NAME'] + '.app'\n\nscpTarget = 'sas@h775982.serverkompetenz.net:~/public_html/hourglass/'\nscpPort = '2222'\nbaseUrl = 'http://h775982.serverkompetenz.net/~sas/hourglass'\n\n\ndef getVersion():\n\tmarketingKey = 'CFBundleShortVersionString'\n\trevisionKey = 'CFBundleVersion'\n\tplistFile = builddir + '/' + appname + '/Contents/Info.plist'\n\td = NSMutableDictionary.dictionaryWithContentsOfFile_( plistFile )\n\treturn d[marketingKey], d[revisionKey]\n\n\ndef createDiskImage(volName, files):\n\tsize = 10 # MB\n\tfileSystem = 'HFS+'\n\timgName = project_dir + '/' + volName + '.dmg'\n\n\t# create dmg\n\n\tif os.path.exists(imgName):\n\t\tos.remove(imgName)\n\n\tcmd = 'hdiutil create %s -ov -fs %s -megabytes %i -volname \"%s\"' % ( imgName, fileSystem, size, volName )\n\tos.system(cmd)\n\n\tcmd = \"hdid %s | grep '/dev/disk[0-9]*' | grep \\\"%s\\\" | cut -d ' ' -f 1\" % (imgName, volName)\n\tpipe = os.popen(cmd)\n\tdevice = pipe.readlines()[0].strip()\n\n\t# copy files\n\n\tfor f in files:\n\t\tcmd = '/Developer/Tools/CpMac -r \"%s\" \"/Volumes/%s\"' % ( f, volName )\n\t\tos.system(cmd)\n\n\t# eject\n\n\tcmd = 'hdiutil eject ' + device\n\tos.system(cmd)\n\n\t# compressing\n\n\tos.rename(imgName, imgName + '.bak')\n\n\tcmd = 'hdiutil convert \"%s.bak\" -format UDCO -o %s' % (imgName, imgName)\n\tpipe = os.popen(cmd)\n\tfor line in pipe.readlines():\n\t\tif line.startswith('File size'):\n\t\t\tfinalSize = int(line.split()[2])\n\tos.remove(imgName + '.bak')\n\n\treturn finalSize, imgName\n\n\ndef createAppcast(filename, size, imgFullName, releaseNotesFile):\n\tdescription = 'Most recent changes with links to updates.'\n\trelNotes = releaseNotesFile.split('/')[-1]\n\trelNotes = relNotes.replace(' ', '%20')\n\tmVersion, rVersion = getVersion()\n\n\tdate = os.popen('date').readlines()[0].strip()\n\timgName = imgFullName.split('/')[-1]\n\n\tappcastfile = open(filename, 'w')\n\n\ts = '<?xml version=\"1.0\" encoding=\"utf-8\"?>\\n'\n\ts += '<rss version=\"2.0\" xmlns:dc=\"http://purl.org/dc/elements/1.1/\" '\n\ts += 'xmlns:sparkle=\"http://www.andymatuschak.org/xml-namespaces/sparkle\">\\n'\n\ts += '\\t<channel>\\n'\n\ts += '\\t\\t<title>%s Changelog</title>\\n' %  project_name\n\ts += '\\t\\t<link>%s/%s</link>\\n' % (baseUrl, filename)\n\ts += '\\t\\t<description>%s</description>\\n' % description\n\ts += '\\t\\t<language>en</language>\\n'\n\ts += '\\t\\t<item>\\n'\n\ts += '\\t\\t\\t<title>Version %s</title>\\n' % mVersion\n\ts += '\\t\\t\\t<description>%s/%s</description>\\n' % (baseUrl, relNotes)\n\ts += '\\t\\t\\t<pubDate>%s</pubDate>\\n' % date\n\ts += '\\t\\t\\t<enclosure sparkle:version=\"%s\" url=\"%s/%s\" length=\"%s\" ' % (rVersion, baseUrl, imgName, size)\n\ts += 'type=\"application/octet-stream\"/>\\n'\n\ts += '\\t\\t</item>\\n'\n\ts += '\\t</channel>\\n'\n\ts += '</rss>\\n'\n\t\n\tappcastfile.write(s)\n\tappcastfile.close()\n\nmVersion, rVersion = getVersion()\n\nvolName = project_name + '_' + mVersion\nfiles = [builddir + '/' + appname, project_dir + '/Release Notes.html']\n\nsize, imgName = createDiskImage(volName, files)\n\nappcastFileName = project_dir + '/appcast.xml'\nreleaseNotesFile = project_dir + '/Release Notes.html'\n\ncreateAppcast(appcastFileName, size, imgName, releaseNotesFile)\n\nprint 'Upload commands:'\nprint 'scp -P %s \"%s\" \"%s\" \"%s\" %s' % (scpPort, releaseNotesFile, imgName, appcastFileName, scpTarget)\n\n\n";
		};
/* End PBXShellScriptBuildPhase section */

/* Begin PBXSourcesBuildPhase section */
		8D15AC300486D014006FF6A4 /* Sources */ = {
			isa = PBXSourcesBuildPhase;
			buildActionMask = 2147483647;
			files = (
				8D15AC310486D014006FF6A4 /* MyDocument.m in Sources */,
				8D15AC320486D014006FF6A4 /* main.m in Sources */,
				5337CFA50DA1190D008DE7AE /* MyDocument.xcdatamodeld in Sources */,
				5A01BD470D40130D00883964 /* Task.m in Sources */,
				5A01BDA40D411A2700883964 /* DBSourceSplitView.m in Sources */,
				5A01BDA80D411A6E00883964 /* KFSplitView.m in Sources */,
				5A01BDB30D411B2500883964 /* DBSourceView.m in Sources */,
				5A01BDBA0D411B3C00883964 /* SourceListImageCell.m in Sources */,
				5A01BDBB0D411B3C00883964 /* SourceListTableView.m in Sources */,
				5A01BDBC0D411B3C00883964 /* SourceListTextCell.m in Sources */,
				5A01BDD50D411BC800883964 /* CTGradient.m in Sources */,
				5A01BDD60D411BCA00883964 /* DBBottomButton.m in Sources */,
				5A01BDD70D411BCB00883964 /* DBListSplitView.m in Sources */,
				5A4F504C0D4397EA00143833 /* Group.m in Sources */,
				5A4F505D0D439D7400143833 /* ImageToDataTransformer.m in Sources */,
				5AA467320D52102C00880223 /* AppController.m in Sources */,
			);
			runOnlyForDeploymentPostprocessing = 0;
		};
/* End PBXSourcesBuildPhase section */

/* Begin PBXTargetDependency section */
		53CCA0A70D7C2D0600940CC3 /* PBXTargetDependency */ = {
			isa = PBXTargetDependency;
			target = 8D15AC270486D014006FF6A4 /* Hourglass */;
			targetProxy = 53CCA0A60D7C2D0600940CC3 /* PBXContainerItemProxy */;
		};
/* End PBXTargetDependency section */

/* Begin PBXVariantGroup section */
		089C165FFE840EACC02AAC07 /* InfoPlist.strings */ = {
			isa = PBXVariantGroup;
			children = (
				089C1660FE840EACC02AAC07 /* English */,
			);
			name = InfoPlist.strings;
			sourceTree = "<group>";
		};
		2A37F4B9FDCFA73011CA2CEA /* Credits.rtf */ = {
			isa = PBXVariantGroup;
			children = (
				2A37F4BAFDCFA73011CA2CEA /* English */,
			);
			name = Credits.rtf;
			sourceTree = "<group>";
		};
		5A01BD3A0D400F5E00883964 /* MainMenu.xib */ = {
			isa = PBXVariantGroup;
			children = (
				5A01BD3B0D400F5E00883964 /* English */,
			);
			name = MainMenu.xib;
			sourceTree = "<group>";
		};
		5A01BD3C0D400F5E00883964 /* MyDocument.xib */ = {
			isa = PBXVariantGroup;
			children = (
				5A01BD3D0D400F5E00883964 /* English */,
			);
			name = MyDocument.xib;
			sourceTree = "<group>";
		};
/* End PBXVariantGroup section */

/* Begin XCBuildConfiguration section */
		26FC0AA60875C8B900E6366F /* Debug */ = {
			isa = XCBuildConfiguration;
			buildSettings = {
				CONFIGURATION_TEMP_DIR = "$(PROJECT_TEMP_DIR)/$(CONFIGURATION)";
				COPY_PHASE_STRIP = NO;
				FRAMEWORK_SEARCH_PATHS = (
					"$(inherited)",
					"\"$(SRCROOT)\"",
				);
				GCC_DYNAMIC_NO_PIC = NO;
				GCC_ENABLE_FIX_AND_CONTINUE = YES;
				GCC_ENABLE_OBJC_EXCEPTIONS = YES;
				GCC_MODEL_TUNING = G5;
				GCC_OPTIMIZATION_LEVEL = 0;
				GCC_PRECOMPILE_PREFIX_HEADER = YES;
				GCC_PREFIX_HEADER = Hourglass_Prefix.pch;
				GCC_VERSION = com.apple.compilers.llvm.clang.1_0;
				INFOPLIST_FILE = Info.plist;
				INFOPLIST_OTHER_PREPROCESSOR_FLAGS = "";
				INFOPLIST_PREPROCESSOR_DEFINITIONS = "";
				INSTALL_PATH = "$(HOME)/Applications";
				LD_MAP_FILE_PATH = "$(TARGET_TEMP_DIR)/$(PRODUCT_NAME)-LinkMap-$(CURRENT_VARIANT)-$(CURRENT_ARCH).txt";
				MACOSX_DEPLOYMENT_TARGET = 10.6;
				OTHER_CFLAGS = "-DDEBUG_BUILD";
				PRODUCT_NAME = Hourglass;
				WRAPPER_EXTENSION = app;
				ZERO_LINK = YES;
			};
			name = Debug;
		};
		26FC0AA70875C8B900E6366F /* Release */ = {
			isa = XCBuildConfiguration;
			buildSettings = {
				DEBUG_INFORMATION_FORMAT = "dwarf-with-dsym";
				FRAMEWORK_SEARCH_PATHS = (
					"$(inherited)",
					"\"$(SRCROOT)\"",
				);
				GCC_ENABLE_OBJC_EXCEPTIONS = YES;
				GCC_ENABLE_OBJC_GC = supported;
				GCC_MODEL_TUNING = G5;
				GCC_PRECOMPILE_PREFIX_HEADER = YES;
				GCC_PREFIX_HEADER = Hourglass_Prefix.pch;
				GCC_VERSION = com.apple.compilers.llvm.clang.1_0;
				INFOPLIST_FILE = Info.plist;
				INSTALL_PATH = "$(HOME)/Applications";
				MACOSX_DEPLOYMENT_TARGET = 10.6;
				PRODUCT_NAME = Hourglass;
				WRAPPER_EXTENSION = app;
			};
			name = Release;
		};
		26FC0AAA0875C8B900E6366F /* Debug */ = {
			isa = XCBuildConfiguration;
			buildSettings = {
				CONFIGURATION_TEMP_DIR = "$(PROJECT_TEMP_DIR)/$(CONFIGURATION)";
				GCC_WARN_ABOUT_RETURN_TYPE = YES;
				GCC_WARN_UNUSED_VARIABLE = YES;
				INFOPLIST_PREPROCESSOR_DEFINITIONS = DEBUG_BUILD;
				PREBINDING = NO;
				SDKROOT = macosx;
			};
			name = Debug;
		};
		26FC0AAB0875C8B900E6366F /* Release */ = {
			isa = XCBuildConfiguration;
			buildSettings = {
				ARCHS = "$(ARCHS_STANDARD_32_64_BIT_PRE_XCODE_3_1)";
				ARCHS_STANDARD_32_64_BIT_PRE_XCODE_3_1 = "x86_64 i386 ppc";
				GCC_WARN_ABOUT_RETURN_TYPE = YES;
				GCC_WARN_UNUSED_VARIABLE = YES;
				PREBINDING = NO;
				SDKROOT = macosx;
			};
			name = Release;
		};
		53CCA09E0D7C2C2500940CC3 /* Debug */ = {
			isa = XCBuildConfiguration;
			buildSettings = {
				COPY_PHASE_STRIP = NO;
				GCC_DYNAMIC_NO_PIC = NO;
				GCC_OPTIMIZATION_LEVEL = 0;
				PRODUCT_NAME = Release;
			};
			name = Debug;
		};
		53CCA09F0D7C2C2500940CC3 /* Release */ = {
			isa = XCBuildConfiguration;
			buildSettings = {
				COPY_PHASE_STRIP = YES;
				DEBUG_INFORMATION_FORMAT = "dwarf-with-dsym";
				GCC_ENABLE_FIX_AND_CONTINUE = NO;
				PRODUCT_NAME = Release;
				ZERO_LINK = NO;
			};
			name = Release;
		};
/* End XCBuildConfiguration section */

/* Begin XCConfigurationList section */
		26FC0AA50875C8B900E6366F /* Build configuration list for PBXNativeTarget "Hourglass" */ = {
			isa = XCConfigurationList;
			buildConfigurations = (
				26FC0AA60875C8B900E6366F /* Debug */,
				26FC0AA70875C8B900E6366F /* Release */,
			);
			defaultConfigurationIsVisible = 0;
			defaultConfigurationName = Release;
		};
		26FC0AA90875C8B900E6366F /* Build configuration list for PBXProject "Hourglass" */ = {
			isa = XCConfigurationList;
			buildConfigurations = (
				26FC0AAA0875C8B900E6366F /* Debug */,
				26FC0AAB0875C8B900E6366F /* Release */,
			);
			defaultConfigurationIsVisible = 0;
			defaultConfigurationName = Release;
		};
		53CCA0A00D7C2C4300940CC3 /* Build configuration list for PBXAggregateTarget "Make Release" */ = {
			isa = XCConfigurationList;
			buildConfigurations = (
				53CCA09E0D7C2C2500940CC3 /* Debug */,
				53CCA09F0D7C2C2500940CC3 /* Release */,
			);
			defaultConfigurationIsVisible = 0;
			defaultConfigurationName = Release;
		};
/* End XCConfigurationList section */

/* Begin XCVersionGroup section */
		5337CFA40DA1190D008DE7AE /* MyDocument.xcdatamodeld */ = {
			isa = XCVersionGroup;
			children = (
				775BDEF0067A8BF0009058FE /* MyDocument.xcdatamodel */,
				5337CFA60DA1190D008DE7AE /* MyDocument 2.xcdatamodel */,
			);
			currentVersion = 775BDEF0067A8BF0009058FE /* MyDocument.xcdatamodel */;
			path = MyDocument.xcdatamodeld;
			sourceTree = "<group>";
			versionGroupType = wrapper.xcdatamodel;
		};
/* End XCVersionGroup section */
	};
	rootObject = 2A37F4A9FDCFA73011CA2CEA /* Project object */;
}
